github.com/themillenniumfalcon/pool v0.0.0-20241112160606-e444ba83d43e h1:JHFKuNvek2IY9ZtZyTAKjOvFFSrDKt2dS/GzvCBxk8M=
github.com/themillenniumfalcon/pool v0.0.0-20241112160606-e444ba83d43e/go.mod h1:cTvdsE15rtznEMxjUURPzRT+li/WveHmjVz2WdsVz4Y=
golang.org/x/time v0.8.0 h1:9i3RxcPv3PZnitoVGMPDKZSq1xW1gK1Xy3ArNOGZfEg=
golang.org/x/time v0.8.0/go.mod h1:3BpzKBy/shNhVucY/MWOyx10tF3SFh9QdLuxbVysPQM=
